// !$*UTF8*$!
{
	archiveVersion = 1;
	classes = {
	};
	objectVersion = 50;
	objects = {

/* Begin PBXBuildFile section */
		7DE25101273CD38F00891637 /* AppDelegate.swift in Sources */ = {isa = PBXBuildFile; fileRef = 7DE25100273CD38F00891637 /* AppDelegate.swift */; };
		7DE25103273CD38F00891637 /* SceneDelegate.swift in Sources */ = {isa = PBXBuildFile; fileRef = 7DE25102273CD38F00891637 /* SceneDelegate.swift */; };
		7DE25105273CD38F00891637 /* ViewController.swift in Sources */ = {isa = PBXBuildFile; fileRef = 7DE25104273CD38F00891637 /* ViewController.swift */; };
		7DE25108273CD38F00891637 /* Main.storyboard in Resources */ = {isa = PBXBuildFile; fileRef = 7DE25106273CD38F00891637 /* Main.storyboard */; };
		7DE2510A273CD39000891637 /* Assets.xcassets in Resources */ = {isa = PBXBuildFile; fileRef = 7DE25109273CD39000891637 /* Assets.xcassets */; };
		7DE2510D273CD39000891637 /* LaunchScreen.storyboard in Resources */ = {isa = PBXBuildFile; fileRef = 7DE2510B273CD39000891637 /* LaunchScreen.storyboard */; };
		7DE25118273CD39100891637 /* ReactorAppStoreTests.swift in Sources */ = {isa = PBXBuildFile; fileRef = 7DE25117273CD39100891637 /* ReactorAppStoreTests.swift */; };
		7DE25123273CD39100891637 /* ReactorAppStoreUITests.swift in Sources */ = {isa = PBXBuildFile; fileRef = 7DE25122273CD39100891637 /* ReactorAppStoreUITests.swift */; };
		7DE25132273CD4E000891637 /* BaseViewController.swift in Sources */ = {isa = PBXBuildFile; fileRef = 7DE25131273CD4E000891637 /* BaseViewController.swift */; };
/* End PBXBuildFile section */

/* Begin PBXContainerItemProxy section */
		7DE25114273CD39000891637 /* PBXContainerItemProxy */ = {
			isa = PBXContainerItemProxy;
			containerPortal = 7DE250F5273CD38E00891637 /* Project object */;
			proxyType = 1;
			remoteGlobalIDString = 7DE250FC273CD38F00891637;
			remoteInfo = ReactorAppStore;
		};
		7DE2511F273CD39100891637 /* PBXContainerItemProxy */ = {
			isa = PBXContainerItemProxy;
			containerPortal = 7DE250F5273CD38E00891637 /* Project object */;
			proxyType = 1;
			remoteGlobalIDString = 7DE250FC273CD38F00891637;
			remoteInfo = ReactorAppStore;
		};
/* End PBXContainerItemProxy section */

/* Begin PBXFileReference section */
		7DE250FD273CD38F00891637 /* ReactorAppStore.app */ = {isa = PBXFileReference; explicitFileType = wrapper.application; includeInIndex = 0; path = ReactorAppStore.app; sourceTree = BUILT_PRODUCTS_DIR; };
		7DE25100273CD38F00891637 /* AppDelegate.swift */ = {isa = PBXFileReference; lastKnownFileType = sourcecode.swift; path = AppDelegate.swift; sourceTree = "<group>"; };
		7DE25102273CD38F00891637 /* SceneDelegate.swift */ = {isa = PBXFileReference; lastKnownFileType = sourcecode.swift; path = SceneDelegate.swift; sourceTree = "<group>"; };
		7DE25104273CD38F00891637 /* ViewController.swift */ = {isa = PBXFileReference; lastKnownFileType = sourcecode.swift; path = ViewController.swift; sourceTree = "<group>"; };
		7DE25107273CD38F00891637 /* Base */ = {isa = PBXFileReference; lastKnownFileType = file.storyboard; name = Base; path = Base.lproj/Main.storyboard; sourceTree = "<group>"; };
		7DE25109273CD39000891637 /* Assets.xcassets */ = {isa = PBXFileReference; lastKnownFileType = folder.assetcatalog; path = Assets.xcassets; sourceTree = "<group>"; };
		7DE2510C273CD39000891637 /* Base */ = {isa = PBXFileReference; lastKnownFileType = file.storyboard; name = Base; path = Base.lproj/LaunchScreen.storyboard; sourceTree = "<group>"; };
		7DE2510E273CD39000891637 /* Info.plist */ = {isa = PBXFileReference; lastKnownFileType = text.plist.xml; path = Info.plist; sourceTree = "<group>"; };
		7DE25113273CD39000891637 /* ReactorAppStoreTests.xctest */ = {isa = PBXFileReference; explicitFileType = wrapper.cfbundle; includeInIndex = 0; path = ReactorAppStoreTests.xctest; sourceTree = BUILT_PRODUCTS_DIR; };
		7DE25117273CD39100891637 /* ReactorAppStoreTests.swift */ = {isa = PBXFileReference; lastKnownFileType = sourcecode.swift; path = ReactorAppStoreTests.swift; sourceTree = "<group>"; };
		7DE25119273CD39100891637 /* Info.plist */ = {isa = PBXFileReference; lastKnownFileType = text.plist.xml; path = Info.plist; sourceTree = "<group>"; };
		7DE2511E273CD39100891637 /* ReactorAppStoreUITests.xctest */ = {isa = PBXFileReference; explicitFileType = wrapper.cfbundle; includeInIndex = 0; path = ReactorAppStoreUITests.xctest; sourceTree = BUILT_PRODUCTS_DIR; };
		7DE25122273CD39100891637 /* ReactorAppStoreUITests.swift */ = {isa = PBXFileReference; lastKnownFileType = sourcecode.swift; path = ReactorAppStoreUITests.swift; sourceTree = "<group>"; };
		7DE25124273CD39100891637 /* Info.plist */ = {isa = PBXFileReference; lastKnownFileType = text.plist.xml; path = Info.plist; sourceTree = "<group>"; };
		7DE25131273CD4E000891637 /* BaseViewController.swift */ = {isa = PBXFileReference; lastKnownFileType = sourcecode.swift; path = BaseViewController.swift; sourceTree = "<group>"; };
/* End PBXFileReference section */

/* Begin PBXFrameworksBuildPhase section */
		7DE250FA273CD38F00891637 /* Frameworks */ = {
			isa = PBXFrameworksBuildPhase;
			buildActionMask = 2147483647;
			files = (
			);
			runOnlyForDeploymentPostprocessing = 0;
		};
		7DE25110273CD39000891637 /* Frameworks */ = {
			isa = PBXFrameworksBuildPhase;
			buildActionMask = 2147483647;
			files = (
			);
			runOnlyForDeploymentPostprocessing = 0;
		};
		7DE2511B273CD39100891637 /* Frameworks */ = {
			isa = PBXFrameworksBuildPhase;
			buildActionMask = 2147483647;
			files = (
			);
			runOnlyForDeploymentPostprocessing = 0;
		};
/* End PBXFrameworksBuildPhase section */

/* Begin PBXGroup section */
		7DE250F4273CD38E00891637 = {
			isa = PBXGroup;
			children = (
				7DE250FF273CD38F00891637 /* ReactorAppStore */,
				7DE25116273CD39100891637 /* ReactorAppStoreTests */,
				7DE25121273CD39100891637 /* ReactorAppStoreUITests */,
				7DE250FE273CD38F00891637 /* Products */,
			);
			sourceTree = "<group>";
		};
		7DE250FE273CD38F00891637 /* Products */ = {
			isa = PBXGroup;
			children = (
				7DE250FD273CD38F00891637 /* ReactorAppStore.app */,
				7DE25113273CD39000891637 /* ReactorAppStoreTests.xctest */,
				7DE2511E273CD39100891637 /* ReactorAppStoreUITests.xctest */,
			);
			name = Products;
			sourceTree = "<group>";
		};
		7DE250FF273CD38F00891637 /* ReactorAppStore */ = {
			isa = PBXGroup;
			children = (
				7DE25130273CD4D600891637 /* Common */,
				7DE25100273CD38F00891637 /* AppDelegate.swift */,
				7DE25102273CD38F00891637 /* SceneDelegate.swift */,
				7DE25104273CD38F00891637 /* ViewController.swift */,
				7DE25106273CD38F00891637 /* Main.storyboard */,
				7DE25109273CD39000891637 /* Assets.xcassets */,
				7DE2510B273CD39000891637 /* LaunchScreen.storyboard */,
				7DE2510E273CD39000891637 /* Info.plist */,
			);
			path = ReactorAppStore;
			sourceTree = "<group>";
		};
		7DE25116273CD39100891637 /* ReactorAppStoreTests */ = {
			isa = PBXGroup;
			children = (
				7DE25117273CD39100891637 /* ReactorAppStoreTests.swift */,
				7DE25119273CD39100891637 /* Info.plist */,
			);
			path = ReactorAppStoreTests;
			sourceTree = "<group>";
		};
		7DE25121273CD39100891637 /* ReactorAppStoreUITests */ = {
			isa = PBXGroup;
			children = (
				7DE25122273CD39100891637 /* ReactorAppStoreUITests.swift */,
				7DE25124273CD39100891637 /* Info.plist */,
			);
			path = ReactorAppStoreUITests;
			sourceTree = "<group>";
		};
		7DE25130273CD4D600891637 /* Common */ = {
			isa = PBXGroup;
			children = (
				7DE25131273CD4E000891637 /* BaseViewController.swift */,
			);
			path = Common;
			sourceTree = "<group>";
		};
/* End PBXGroup section */

/* Begin PBXNativeTarget section */
		7DE250FC273CD38F00891637 /* ReactorAppStore */ = {
			isa = PBXNativeTarget;
			buildConfigurationList = 7DE25127273CD39100891637 /* Build configuration list for PBXNativeTarget "ReactorAppStore" */;
			buildPhases = (
				7DE250F9273CD38F00891637 /* Sources */,
				7DE250FA273CD38F00891637 /* Frameworks */,
				7DE250FB273CD38F00891637 /* Resources */,
			);
			buildRules = (
			);
			dependencies = (
			);
			name = ReactorAppStore;
			productName = ReactorAppStore;
			productReference = 7DE250FD273CD38F00891637 /* ReactorAppStore.app */;
			productType = "com.apple.product-type.application";
		};
		7DE25112273CD39000891637 /* ReactorAppStoreTests */ = {
			isa = PBXNativeTarget;
			buildConfigurationList = 7DE2512A273CD39100891637 /* Build configuration list for PBXNativeTarget "ReactorAppStoreTests" */;
			buildPhases = (
				7DE2510F273CD39000891637 /* Sources */,
				7DE25110273CD39000891637 /* Frameworks */,
				7DE25111273CD39000891637 /* Resources */,
			);
			buildRules = (
			);
			dependencies = (
				7DE25115273CD39000891637 /* PBXTargetDependency */,
			);
			name = ReactorAppStoreTests;
			productName = ReactorAppStoreTests;
			productReference = 7DE25113273CD39000891637 /* ReactorAppStoreTests.xctest */;
			productType = "com.apple.product-type.bundle.unit-test";
		};
		7DE2511D273CD39100891637 /* ReactorAppStoreUITests */ = {
			isa = PBXNativeTarget;
			buildConfigurationList = 7DE2512D273CD39100891637 /* Build configuration list for PBXNativeTarget "ReactorAppStoreUITests" */;
			buildPhases = (
				7DE2511A273CD39100891637 /* Sources */,
				7DE2511B273CD39100891637 /* Frameworks */,
				7DE2511C273CD39100891637 /* Resources */,
			);
			buildRules = (
			);
			dependencies = (
				7DE25120273CD39100891637 /* PBXTargetDependency */,
			);
			name = ReactorAppStoreUITests;
			productName = ReactorAppStoreUITests;
			productReference = 7DE2511E273CD39100891637 /* ReactorAppStoreUITests.xctest */;
			productType = "com.apple.product-type.bundle.ui-testing";
		};
/* End PBXNativeTarget section */

/* Begin PBXProject section */
		7DE250F5273CD38E00891637 /* Project object */ = {
			isa = PBXProject;
			attributes = {
				LastSwiftUpdateCheck = 1250;
				LastUpgradeCheck = 1250;
				TargetAttributes = {
					7DE250FC273CD38F00891637 = {
						CreatedOnToolsVersion = 12.5;
					};
					7DE25112273CD39000891637 = {
						CreatedOnToolsVersion = 12.5;
						TestTargetID = 7DE250FC273CD38F00891637;
					};
					7DE2511D273CD39100891637 = {
						CreatedOnToolsVersion = 12.5;
						TestTargetID = 7DE250FC273CD38F00891637;
					};
				};
			};
			buildConfigurationList = 7DE250F8273CD38E00891637 /* Build configuration list for PBXProject "ReactorAppStore" */;
			compatibilityVersion = "Xcode 9.3";
			developmentRegion = en;
			hasScannedForEncodings = 0;
			knownRegions = (
				en,
				Base,
			);
			mainGroup = 7DE250F4273CD38E00891637;
			productRefGroup = 7DE250FE273CD38F00891637 /* Products */;
			projectDirPath = "";
			projectRoot = "";
			targets = (
				7DE250FC273CD38F00891637 /* ReactorAppStore */,
				7DE25112273CD39000891637 /* ReactorAppStoreTests */,
				7DE2511D273CD39100891637 /* ReactorAppStoreUITests */,
			);
		};
/* End PBXProject section */

/* Begin PBXResourcesBuildPhase section */
		7DE250FB273CD38F00891637 /* Resources */ = {
			isa = PBXResourcesBuildPhase;
			buildActionMask = 2147483647;
			files = (
				7DE2510D273CD39000891637 /* LaunchScreen.storyboard in Resources */,
				7DE2510A273CD39000891637 /* Assets.xcassets in Resources */,
				7DE25108273CD38F00891637 /* Main.storyboard in Resources */,
			);
			runOnlyForDeploymentPostprocessing = 0;
		};
		7DE25111273CD39000891637 /* Resources */ = {
			isa = PBXResourcesBuildPhase;
			buildActionMask = 2147483647;
			files = (
			);
			runOnlyForDeploymentPostprocessing = 0;
		};
		7DE2511C273CD39100891637 /* Resources */ = {
			isa = PBXResourcesBuildPhase;
			buildActionMask = 2147483647;
			files = (
			);
			runOnlyForDeploymentPostprocessing = 0;
		};
/* End PBXResourcesBuildPhase section */

/* Begin PBXSourcesBuildPhase section */
		7DE250F9273CD38F00891637 /* Sources */ = {
			isa = PBXSourcesBuildPhase;
			buildActionMask = 2147483647;
			files = (
				7DE25105273CD38F00891637 /* ViewController.swift in Sources */,
				7DE25132273CD4E000891637 /* BaseViewController.swift in Sources */,
				7DE25101273CD38F00891637 /* AppDelegate.swift in Sources */,
				7DE25103273CD38F00891637 /* SceneDelegate.swift in Sources */,
			);
			runOnlyForDeploymentPostprocessing = 0;
		};
		7DE2510F273CD39000891637 /* Sources */ = {
			isa = PBXSourcesBuildPhase;
			buildActionMask = 2147483647;
			files = (
				7DE25118273CD39100891637 /* ReactorAppStoreTests.swift in Sources */,
			);
			runOnlyForDeploymentPostprocessing = 0;
		};
		7DE2511A273CD39100891637 /* Sources */ = {
			isa = PBXSourcesBuildPhase;
			buildActionMask = 2147483647;
			files = (
				7DE25123273CD39100891637 /* ReactorAppStoreUITests.swift in Sources */,
			);
			runOnlyForDeploymentPostprocessing = 0;
		};
/* End PBXSourcesBuildPhase section */

/* Begin PBXTargetDependency section */
		7DE25115273CD39000891637 /* PBXTargetDependency */ = {
			isa = PBXTargetDependency;
			target = 7DE250FC273CD38F00891637 /* ReactorAppStore */;
			targetProxy = 7DE25114273CD39000891637 /* PBXContainerItemProxy */;
		};
		7DE25120273CD39100891637 /* PBXTargetDependency */ = {
			isa = PBXTargetDependency;
			target = 7DE250FC273CD38F00891637 /* ReactorAppStore */;
			targetProxy = 7DE2511F273CD39100891637 /* PBXContainerItemProxy */;
		};
/* End PBXTargetDependency section */

/* Begin PBXVariantGroup section */
		7DE25106273CD38F00891637 /* Main.storyboard */ = {
			isa = PBXVariantGroup;
			children = (
				7DE25107273CD38F00891637 /* Base */,
			);
			name = Main.storyboard;
			sourceTree = "<group>";
		};
		7DE2510B273CD39000891637 /* LaunchScreen.storyboard */ = {
			isa = PBXVariantGroup;
			children = (
				7DE2510C273CD39000891637 /* Base */,
			);
			name = LaunchScreen.storyboard;
			sourceTree = "<group>";
		};
/* End PBXVariantGroup section */

/* Begin XCBuildConfiguration section */
		7DE25125273CD39100891637 /* Debug */ = {
			isa = XCBuildConfiguration;
			buildSettings = {
				ALWAYS_SEARCH_USER_PATHS = NO;
				CLANG_ANALYZER_NONNULL = YES;
				CLANG_ANALYZER_NUMBER_OBJECT_CONVERSION = YES_AGGRESSIVE;
				CLANG_CXX_LANGUAGE_STANDARD = "gnu++14";
				CLANG_CXX_LIBRARY = "libc++";
				CLANG_ENABLE_MODULES = YES;
				CLANG_ENABLE_OBJC_ARC = YES;
				CLANG_ENABLE_OBJC_WEAK = YES;
				CLANG_WARN_BLOCK_CAPTURE_AUTORELEASING = YES;
				CLANG_WARN_BOOL_CONVERSION = YES;
				CLANG_WARN_COMMA = YES;
				CLANG_WARN_CONSTANT_CONVERSION = YES;
				CLANG_WARN_DEPRECATED_OBJC_IMPLEMENTATIONS = YES;
				CLANG_WARN_DIRECT_OBJC_ISA_USAGE = YES_ERROR;
				CLANG_WARN_DOCUMENTATION_COMMENTS = YES;
				CLANG_WARN_EMPTY_BODY = YES;
				CLANG_WARN_ENUM_CONVERSION = YES;
				CLANG_WARN_INFINITE_RECURSION = YES;
				CLANG_WARN_INT_CONVERSION = YES;
				CLANG_WARN_NON_LITERAL_NULL_CONVERSION = YES;
				CLANG_WARN_OBJC_IMPLICIT_RETAIN_SELF = YES;
				CLANG_WARN_OBJC_LITERAL_CONVERSION = YES;
				CLANG_WARN_OBJC_ROOT_CLASS = YES_ERROR;
				CLANG_WARN_QUOTED_INCLUDE_IN_FRAMEWORK_HEADER = YES;
				CLANG_WARN_RANGE_LOOP_ANALYSIS = YES;
				CLANG_WARN_STRICT_PROTOTYPES = YES;
				CLANG_WARN_SUSPICIOUS_MOVE = YES;
				CLANG_WARN_UNGUARDED_AVAILABILITY = YES_AGGRESSIVE;
				CLANG_WARN_UNREACHABLE_CODE = YES;
				CLANG_WARN__DUPLICATE_METHOD_MATCH = YES;
				COPY_PHASE_STRIP = NO;
				DEBUG_INFORMATION_FORMAT = dwarf;
				ENABLE_STRICT_OBJC_MSGSEND = YES;
				ENABLE_TESTABILITY = YES;
				GCC_C_LANGUAGE_STANDARD = gnu11;
				GCC_DYNAMIC_NO_PIC = NO;
				GCC_NO_COMMON_BLOCKS = YES;
				GCC_OPTIMIZATION_LEVEL = 0;
				GCC_PREPROCESSOR_DEFINITIONS = (
					"DEBUG=1",
					"$(inherited)",
				);
				GCC_WARN_64_TO_32_BIT_CONVERSION = YES;
				GCC_WARN_ABOUT_RETURN_TYPE = YES_ERROR;
				GCC_WARN_UNDECLARED_SELECTOR = YES;
				GCC_WARN_UNINITIALIZED_AUTOS = YES_AGGRESSIVE;
				GCC_WARN_UNUSED_FUNCTION = YES;
				GCC_WARN_UNUSED_VARIABLE = YES;
				IPHONEOS_DEPLOYMENT_TARGET = 14.5;
				MTL_ENABLE_DEBUG_INFO = INCLUDE_SOURCE;
				MTL_FAST_MATH = YES;
				ONLY_ACTIVE_ARCH = YES;
				SDKROOT = iphoneos;
				SWIFT_ACTIVE_COMPILATION_CONDITIONS = DEBUG;
				SWIFT_OPTIMIZATION_LEVEL = "-Onone";
			};
			name = Debug;
		};
		7DE25126273CD39100891637 /* Release */ = {
			isa = XCBuildConfiguration;
			buildSettings = {
				ALWAYS_SEARCH_USER_PATHS = NO;
				CLANG_ANALYZER_NONNULL = YES;
				CLANG_ANALYZER_NUMBER_OBJECT_CONVERSION = YES_AGGRESSIVE;
				CLANG_CXX_LANGUAGE_STANDARD = "gnu++14";
				CLANG_CXX_LIBRARY = "libc++";
				CLANG_ENABLE_MODULES = YES;
				CLANG_ENABLE_OBJC_ARC = YES;
				CLANG_ENABLE_OBJC_WEAK = YES;
				CLANG_WARN_BLOCK_CAPTURE_AUTORELEASING = YES;
				CLANG_WARN_BOOL_CONVERSION = YES;
				CLANG_WARN_COMMA = YES;
				CLANG_WARN_CONSTANT_CONVERSION = YES;
				CLANG_WARN_DEPRECATED_OBJC_IMPLEMENTATIONS = YES;
				CLANG_WARN_DIRECT_OBJC_ISA_USAGE = YES_ERROR;
				CLANG_WARN_DOCUMENTATION_COMMENTS = YES;
				CLANG_WARN_EMPTY_BODY = YES;
				CLANG_WARN_ENUM_CONVERSION = YES;
				CLANG_WARN_INFINITE_RECURSION = YES;
				CLANG_WARN_INT_CONVERSION = YES;
				CLANG_WARN_NON_LITERAL_NULL_CONVERSION = YES;
				CLANG_WARN_OBJC_IMPLICIT_RETAIN_SELF = YES;
				CLANG_WARN_OBJC_LITERAL_CONVERSION = YES;
				CLANG_WARN_OBJC_ROOT_CLASS = YES_ERROR;
				CLANG_WARN_QUOTED_INCLUDE_IN_FRAMEWORK_HEADER = YES;
				CLANG_WARN_RANGE_LOOP_ANALYSIS = YES;
				CLANG_WARN_STRICT_PROTOTYPES = YES;
				CLANG_WARN_SUSPICIOUS_MOVE = YES;
				CLANG_WARN_UNGUARDED_AVAILABILITY = YES_AGGRESSIVE;
				CLANG_WARN_UNREACHABLE_CODE = YES;
				CLANG_WARN__DUPLICATE_METHOD_MATCH = YES;
				COPY_PHASE_STRIP = NO;
				DEBUG_INFORMATION_FORMAT = "dwarf-with-dsym";
				ENABLE_NS_ASSERTIONS = NO;
				ENABLE_STRICT_OBJC_MSGSEND = YES;
				GCC_C_LANGUAGE_STANDARD = gnu11;
				GCC_NO_COMMON_BLOCKS = YES;
				GCC_WARN_64_TO_32_BIT_CONVERSION = YES;
				GCC_WARN_ABOUT_RETURN_TYPE = YES_ERROR;
				GCC_WARN_UNDECLARED_SELECTOR = YES;
				GCC_WARN_UNINITIALIZED_AUTOS = YES_AGGRESSIVE;
				GCC_WARN_UNUSED_FUNCTION = YES;
				GCC_WARN_UNUSED_VARIABLE = YES;
				IPHONEOS_DEPLOYMENT_TARGET = 14.5;
				MTL_ENABLE_DEBUG_INFO = NO;
				MTL_FAST_MATH = YES;
				SDKROOT = iphoneos;
				SWIFT_COMPILATION_MODE = wholemodule;
				SWIFT_OPTIMIZATION_LEVEL = "-O";
				VALIDATE_PRODUCT = YES;
			};
			name = Release;
		};
		7DE25128273CD39100891637 /* Debug */ = {
			isa = XCBuildConfiguration;
			buildSettings = {
				ASSETCATALOG_COMPILER_APPICON_NAME = AppIcon;
				ASSETCATALOG_COMPILER_GLOBAL_ACCENT_COLOR_NAME = AccentColor;
				CODE_SIGN_STYLE = Automatic;
				DEVELOPMENT_TEAM = JH6HFBQXT6;
				INFOPLIST_FILE = ReactorAppStore/Info.plist;
				LD_RUNPATH_SEARCH_PATHS = (
					"$(inherited)",
					"@executable_path/Frameworks",
				);
				PRODUCT_BUNDLE_IDENTIFIER = kr.miiiiiin.itcha.ReactorAppStore;
				PRODUCT_NAME = "$(TARGET_NAME)";
				SWIFT_VERSION = 5.0;
				TARGETED_DEVICE_FAMILY = "1,2";
			};
			name = Debug;
		};
		7DE25129273CD39100891637 /* Release */ = {
			isa = XCBuildConfiguration;
			buildSettings = {
				ASSETCATALOG_COMPILER_APPICON_NAME = AppIcon;
				ASSETCATALOG_COMPILER_GLOBAL_ACCENT_COLOR_NAME = AccentColor;
				CODE_SIGN_STYLE = Automatic;
				DEVELOPMENT_TEAM = JH6HFBQXT6;
				INFOPLIST_FILE = ReactorAppStore/Info.plist;
				LD_RUNPATH_SEARCH_PATHS = (
					"$(inherited)",
					"@executable_path/Frameworks",
				);
				PRODUCT_BUNDLE_IDENTIFIER = kr.miiiiiin.itcha.ReactorAppStore;
				PRODUCT_NAME = "$(TARGET_NAME)";
				SWIFT_VERSION = 5.0;
				TARGETED_DEVICE_FAMILY = "1,2";
			};
			name = Release;
		};
		7DE2512B273CD39100891637 /* Debug */ = {
			isa = XCBuildConfiguration;
			buildSettings = {
				ALWAYS_EMBED_SWIFT_STANDARD_LIBRARIES = YES;
				BUNDLE_LOADER = "$(TEST_HOST)";
				CODE_SIGN_STYLE = Automatic;
				DEVELOPMENT_TEAM = JH6HFBQXT6;
				INFOPLIST_FILE = ReactorAppStoreTests/Info.plist;
				IPHONEOS_DEPLOYMENT_TARGET = 14.5;
				LD_RUNPATH_SEARCH_PATHS = (
					"$(inherited)",
					"@executable_path/Frameworks",
					"@loader_path/Frameworks",
				);
				PRODUCT_BUNDLE_IDENTIFIER = kr.miiiiiin.itcha.ReactorAppStoreTests;
				PRODUCT_NAME = "$(TARGET_NAME)";
				SWIFT_VERSION = 5.0;
				TARGETED_DEVICE_FAMILY = "1,2";
				TEST_HOST = "$(BUILT_PRODUCTS_DIR)/ReactorAppStore.app/ReactorAppStore";
			};
			name = Debug;
		};
		7DE2512C273CD39100891637 /* Release */ = {
			isa = XCBuildConfiguration;
			buildSettings = {
				ALWAYS_EMBED_SWIFT_STANDARD_LIBRARIES = YES;
				BUNDLE_LOADER = "$(TEST_HOST)";
				CODE_SIGN_STYLE = Automatic;
				DEVELOPMENT_TEAM = JH6HFBQXT6;
				INFOPLIST_FILE = ReactorAppStoreTests/Info.plist;
				IPHONEOS_DEPLOYMENT_TARGET = 14.5;
				LD_RUNPATH_SEARCH_PATHS = (
					"$(inherited)",
					"@executable_path/Frameworks",
					"@loader_path/Frameworks",
				);
				PRODUCT_BUNDLE_IDENTIFIER = kr.miiiiiin.itcha.ReactorAppStoreTests;
				PRODUCT_NAME = "$(TARGET_NAME)";
				SWIFT_VERSION = 5.0;
				TARGETED_DEVICE_FAMILY = "1,2";
				TEST_HOST = "$(BUILT_PRODUCTS_DIR)/ReactorAppStore.app/ReactorAppStore";
			};
			name = Release;
		};
		7DE2512E273CD39100891637 /* Debug */ = {
			isa = XCBuildConfiguration;
			buildSettings = {
				ALWAYS_EMBED_SWIFT_STANDARD_LIBRARIES = YES;
				CODE_SIGN_STYLE = Automatic;
				DEVELOPMENT_TEAM = JH6HFBQXT6;
				INFOPLIST_FILE = ReactorAppStoreUITests/Info.plist;
				LD_RUNPATH_SEARCH_PATHS = (
					"$(inherited)",
					"@executable_path/Frameworks",
					"@loader_path/Frameworks",
				);
				PRODUCT_BUNDLE_IDENTIFIER = kr.miiiiiin.itcha.ReactorAppStoreUITests;
				PRODUCT_NAME = "$(TARGET_NAME)";
				SWIFT_VERSION = 5.0;
				TARGETED_DEVICE_FAMILY = "1,2";
				TEST_TARGET_NAME = ReactorAppStore;
			};
			name = Debug;
		};
		7DE2512F273CD39100891637 /* Release */ = {
			isa = XCBuildConfiguration;
			buildSettings = {
				ALWAYS_EMBED_SWIFT_STANDARD_LIBRARIES = YES;
				CODE_SIGN_STYLE = Automatic;
				DEVELOPMENT_TEAM = JH6HFBQXT6;
				INFOPLIST_FILE = ReactorAppStoreUITests/Info.plist;
				LD_RUNPATH_SEARCH_PATHS = (
					"$(inherited)",
					"@executable_path/Frameworks",
					"@loader_path/Frameworks",
				);
				PRODUCT_BUNDLE_IDENTIFIER = kr.miiiiiin.itcha.ReactorAppStoreUITests;
				PRODUCT_NAME = "$(TARGET_NAME)";
				SWIFT_VERSION = 5.0;
				TARGETED_DEVICE_FAMILY = "1,2";
				TEST_TARGET_NAME = ReactorAppStore;
			};
			name = Release;
		};
/* End XCBuildConfiguration section */

/* Begin XCConfigurationList section */
		7DE250F8273CD38E00891637 /* Build configuration list for PBXProject "ReactorAppStore" */ = {
			isa = XCConfigurationList;
			buildConfigurations = (
				7DE25125273CD39100891637 /* Debug */,
				7DE25126273CD39100891637 /* Release */,
			);
			defaultConfigurationIsVisible = 0;
			defaultConfigurationName = Release;
		};
		7DE25127273CD39100891637 /* Build configuration list for PBXNativeTarget "ReactorAppStore" */ = {
			isa = XCConfigurationList;
			buildConfigurations = (
				7DE25128273CD39100891637 /* Debug */,
				7DE25129273CD39100891637 /* Release */,
			);
			defaultConfigurationIsVisible = 0;
			defaultConfigurationName = Release;
		};
		7DE2512A273CD39100891637 /* Build configuration list for PBXNativeTarget "ReactorAppStoreTests" */ = {
			isa = XCConfigurationList;
			buildConfigurations = (
				7DE2512B273CD39100891637 /* Debug */,
				7DE2512C273CD39100891637 /* Release */,
			);
			defaultConfigurationIsVisible = 0;
			defaultConfigurationName = Release;
		};
		7DE2512D273CD39100891637 /* Build configuration list for PBXNativeTarget "ReactorAppStoreUITests" */ = {
			isa = XCConfigurationList;
			buildConfigurations = (
				7DE2512E273CD39100891637 /* Debug */,
				7DE2512F273CD39100891637 /* Release */,
			);
			defaultConfigurationIsVisible = 0;
			defaultConfigurationName = Release;
		};
/* End XCConfigurationList section */
	};
	rootObject = 7DE250F5273CD38E00891637 /* Project object */;
}
